github.com/cshabsin/advent v0.0.0-20211202135906-3ce193e50387 h1:x7zfPCEH0bLMD1hfivchbVZkiHr3V0aAAl4dWLb5Yew=
github.com/cshabsin/advent v0.0.0-20211202135906-3ce193e50387/go.mod h1:PXn2kZQDMOmYuI+XwciG70JQCUV5NIsiVmg46NFCbrM=
github.com/google/go-cmp v0.5.4/go.mod h1:v8dTdLbMG2kIc/vJvl+f65V22dbkXbowE6jgT/gNBxE=
golang.org/x/xerrors v0.0.0-20191204190536-9bdfabe68543/go.mod h1:I/5z698sn9Ka8TeJc9MKroUUfqBBauWjQqLJ2OPfmY0=
